
Microsoft Visual Studio Solution File, Format Version 12.00
# Visual Studio Version 16
VisualStudioVersion = 16.0.29230.47
MinimumVisualStudioVersion = 10.0.40219.1
Project("{FAE04EC0-301F-11D3-BF4B-00C04F79EFBC}") = "ConsoleApp1", "ConsoleApp1\ConsoleApp1.csproj", "{219CCB65-538F-4524-96D2-31CC8743C080}"
EndProject
Global
	GlobalSection(SolutionConfigurationPlatforms) = preSolution
		Debug|Any CPU = Debug|Any CPU
		Release|Any CPU = Release|Any CPU
	EndGlobalSection
	GlobalSection(ProjectConfigurationPlatforms) = postSolution
		{219CCB65-538F-4524-96D2-31CC8743C080}.Debug|Any CPU.ActiveCfg = Debug|Any CPU
		{219CCB65-538F-4524-96D2-31CC8743C080}.Debug|Any CPU.Build.0 = Debug|Any CPU
		{219CCB65-538F-4524-96D2-31CC8743C080}.Release|Any CPU.ActiveCfg = Release|Any CPU
		{219CCB65-538F-4524-96D2-31CC8743C080}.Release|Any CPU.Build.0 = Release|Any CPU
	EndGlobalSection
	GlobalSection(SolutionProperties) = preSolution
		HideSolutionNode = FALSE
	EndGlobalSection
	GlobalSection(ExtensibilityGlobals) = postSolution
		SolutionGuid = {B1F5D4E1-01E1-4076-9263-44B5C08F661F}
	EndGlobalSection
EndGlobal
